
Microsoft Visual Studio Solution File, Format Version 12.00
# Visual Studio Version 16
VisualStudioVersion = 16.0.30309.148
MinimumVisualStudioVersion = 10.0.40219.1
Project("{FAE04EC0-301F-11D3-BF4B-00C04F79EFBC}") = "App1.Android", "App1.Android\App1.Android.csproj", "{1D08D9AE-FD70-49FD-A258-D4A49B778454}"
EndProject
Project("{FAE04EC0-301F-11D3-BF4B-00C04F79EFBC}") = "App1.iOS", "App1.iOS\App1.iOS.csproj", "{35E35EB3-B5B0-4227-8E24-EB540CBD34BE}"
EndProject
Project("{FAE04EC0-301F-11D3-BF4B-00C04F79EFBC}") = "App1", "App1\App1.csproj", "{30E04282-8F90-467B-B458-FB2F5D4F3209}"
EndProject
Global
	GlobalSection(SolutionConfigurationPlatforms) = preSolution
		Debug|Any CPU = Debug|Any CPU
		Debug|iPhone = Debug|iPhone
		Debug|iPhoneSimulator = Debug|iPhoneSimulator
		Release|Any CPU = Release|Any CPU
		Release|iPhone = Release|iPhone
		Release|iPhoneSimulator = Release|iPhoneSimulator
	EndGlobalSection
	GlobalSection(ProjectConfigurationPlatforms) = postSolution
		{1D08D9AE-FD70-49FD-A258-D4A49B778454}.Debug|Any CPU.ActiveCfg = Debug|Any CPU
		{1D08D9AE-FD70-49FD-A258-D4A49B778454}.Debug|Any CPU.Build.0 = Debug|Any CPU
		{1D08D9AE-FD70-49FD-A258-D4A49B778454}.Debug|Any CPU.Deploy.0 = Debug|Any CPU
		{1D08D9AE-FD70-49FD-A258-D4A49B778454}.Debug|iPhone.ActiveCfg = Debug|Any CPU
		{1D08D9AE-FD70-49FD-A258-D4A49B778454}.Debug|iPhone.Build.0 = Debug|Any CPU
		{1D08D9AE-FD70-49FD-A258-D4A49B778454}.Debug|iPhone.Deploy.0 = Debug|Any CPU
		{1D08D9AE-FD70-49FD-A258-D4A49B778454}.Debug|iPhoneSimulator.ActiveCfg = Debug|Any CPU
		{1D08D9AE-FD70-49FD-A258-D4A49B778454}.Debug|iPhoneSimulator.Build.0 = Debug|Any CPU
		{1D08D9AE-FD70-49FD-A258-D4A49B778454}.Debug|iPhoneSimulator.Deploy.0 = Debug|Any CPU
		{1D08D9AE-FD70-49FD-A258-D4A49B778454}.Release|Any CPU.ActiveCfg = Release|Any CPU
		{1D08D9AE-FD70-49FD-A258-D4A49B778454}.Release|Any CPU.Build.0 = Release|Any CPU
		{1D08D9AE-FD70-49FD-A258-D4A49B778454}.Release|Any CPU.Deploy.0 = Release|Any CPU
		{1D08D9AE-FD70-49FD-A258-D4A49B778454}.Release|iPhone.ActiveCfg = Release|Any CPU
		{1D08D9AE-FD70-49FD-A258-D4A49B778454}.Release|iPhone.Build.0 = Release|Any CPU
		{1D08D9AE-FD70-49FD-A258-D4A49B778454}.Release|iPhone.Deploy.0 = Release|Any CPU
		{1D08D9AE-FD70-49FD-A258-D4A49B778454}.Release|iPhoneSimulator.ActiveCfg = Release|Any CPU
		{1D08D9AE-FD70-49FD-A258-D4A49B778454}.Release|iPhoneSimulator.Build.0 = Release|Any CPU
		{1D08D9AE-FD70-49FD-A258-D4A49B778454}.Release|iPhoneSimulator.Deploy.0 = Release|Any CPU
		{35E35EB3-B5B0-4227-8E24-EB540CBD34BE}.Debug|Any CPU.ActiveCfg = Debug|iPhone
		{35E35EB3-B5B0-4227-8E24-EB540CBD34BE}.Debug|Any CPU.Build.0 = Debug|iPhone
		{35E35EB3-B5B0-4227-8E24-EB540CBD34BE}.Debug|Any CPU.Deploy.0 = Debug|iPhone
		{35E35EB3-B5B0-4227-8E24-EB540CBD34BE}.Debug|iPhone.ActiveCfg = Debug|iPhone
		{35E35EB3-B5B0-4227-8E24-EB540CBD34BE}.Debug|iPhone.Build.0 = Debug|iPhone
		{35E35EB3-B5B0-4227-8E24-EB540CBD34BE}.Debug|iPhone.Deploy.0 = Debug|iPhone
		{35E35EB3-B5B0-4227-8E24-EB540CBD34BE}.Debug|iPhoneSimulator.ActiveCfg = Debug|iPhoneSimulator
		{35E35EB3-B5B0-4227-8E24-EB540CBD34BE}.Debug|iPhoneSimulator.Build.0 = Debug|iPhoneSimulator
		{35E35EB3-B5B0-4227-8E24-EB540CBD34BE}.Debug|iPhoneSimulator.Deploy.0 = Debug|iPhoneSimulator
		{35E35EB3-B5B0-4227-8E24-EB540CBD34BE}.Release|Any CPU.ActiveCfg = Release|iPhone
		{35E35EB3-B5B0-4227-8E24-EB540CBD34BE}.Release|Any CPU.Build.0 = Release|iPhone
		{35E35EB3-B5B0-4227-8E24-EB540CBD34BE}.Release|Any CPU.Deploy.0 = Release|iPhone
		{35E35EB3-B5B0-4227-8E24-EB540CBD34BE}.Release|iPhone.ActiveCfg = Release|iPhone
		{35E35EB3-B5B0-4227-8E24-EB540CBD34BE}.Release|iPhone.Build.0 = Release|iPhone
		{35E35EB3-B5B0-4227-8E24-EB540CBD34BE}.Release|iPhone.Deploy.0 = Release|iPhone
		{35E35EB3-B5B0-4227-8E24-EB540CBD34BE}.Release|iPhoneSimulator.ActiveCfg = Release|iPhoneSimulator
		{35E35EB3-B5B0-4227-8E24-EB540CBD34BE}.Release|iPhoneSimulator.Build.0 = Release|iPhoneSimulator
		{35E35EB3-B5B0-4227-8E24-EB540CBD34BE}.Release|iPhoneSimulator.Deploy.0 = Release|iPhoneSimulator
		{30E04282-8F90-467B-B458-FB2F5D4F3209}.Debug|Any CPU.ActiveCfg = Debug|Any CPU
		{30E04282-8F90-467B-B458-FB2F5D4F3209}.Debug|Any CPU.Build.0 = Debug|Any CPU
		{30E04282-8F90-467B-B458-FB2F5D4F3209}.Debug|Any CPU.Deploy.0 = Debug|Any CPU
		{30E04282-8F90-467B-B458-FB2F5D4F3209}.Debug|iPhone.ActiveCfg = Debug|Any CPU
		{30E04282-8F90-467B-B458-FB2F5D4F3209}.Debug|iPhone.Build.0 = Debug|Any CPU
		{30E04282-8F90-467B-B458-FB2F5D4F3209}.Debug|iPhone.Deploy.0 = Debug|Any CPU
		{30E04282-8F90-467B-B458-FB2F5D4F3209}.Debug|iPhoneSimulator.ActiveCfg = Debug|Any CPU
		{30E04282-8F90-467B-B458-FB2F5D4F3209}.Debug|iPhoneSimulator.Build.0 = Debug|Any CPU
		{30E04282-8F90-467B-B458-FB2F5D4F3209}.Debug|iPhoneSimulator.Deploy.0 = Debug|Any CPU
		{30E04282-8F90-467B-B458-FB2F5D4F3209}.Release|Any CPU.ActiveCfg = Release|Any CPU
		{30E04282-8F90-467B-B458-FB2F5D4F3209}.Release|Any CPU.Build.0 = Release|Any CPU
		{30E04282-8F90-467B-B458-FB2F5D4F3209}.Release|Any CPU.Deploy.0 = Release|Any CPU
		{30E04282-8F90-467B-B458-FB2F5D4F3209}.Release|iPhone.ActiveCfg = Release|Any CPU
		{30E04282-8F90-467B-B458-FB2F5D4F3209}.Release|iPhone.Build.0 = Release|Any CPU
		{30E04282-8F90-467B-B458-FB2F5D4F3209}.Release|iPhone.Deploy.0 = Release|Any CPU
		{30E04282-8F90-467B-B458-FB2F5D4F3209}.Release|iPhoneSimulator.ActiveCfg = Release|Any CPU
		{30E04282-8F90-467B-B458-FB2F5D4F3209}.Release|iPhoneSimulator.Build.0 = Release|Any CPU
		{30E04282-8F90-467B-B458-FB2F5D4F3209}.Release|iPhoneSimulator.Deploy.0 = Release|Any CPU
	EndGlobalSection
	GlobalSection(SolutionProperties) = preSolution
		HideSolutionNode = FALSE
	EndGlobalSection
	GlobalSection(ExtensibilityGlobals) = postSolution
		SolutionGuid = {EC361348-EC43-4649-A498-11C93ADE6832}
	EndGlobalSection
EndGlobal
